
Microsoft Visual Studio Solution File, Format Version 12.00
# Blend for Visual Studio 14
VisualStudioVersion = 14.0.23107.0
MinimumVisualStudioVersion = 10.0.40219.1
Project("{FAE04EC0-301F-11D3-BF4B-00C04F79EFBC}") = "LayeredSolution1.DBL", "LayeredSolution1\LayeredSolution1.DBL\LayeredSolution1.DBL.csproj", "{31A7A89F-90E2-48A4-ABF6-EE5E06B2B3D9}"
EndProject
Project("{FAE04EC0-301F-11D3-BF4B-00C04F79EFBC}") = "LayeredSolution1.BL", "LayeredSolution1\LayeredSolution1.BL\LayeredSolution1.BL.csproj", "{16012B87-2CB4-4205-98A9-33C9197DC22B}"
EndProject
Project("{FAE04EC0-301F-11D3-BF4B-00C04F79EFBC}") = "LayeredSolution1.SL", "LayeredSolution1\LayeredSolution1.SL\LayeredSolution1.SL.csproj", "{2072432E-1DFE-47F4-B1E7-418C99CF1762}"
EndProject
Global
	GlobalSection(SolutionConfigurationPlatforms) = preSolution
		Debug|Any CPU = Debug|Any CPU
		Release|Any CPU = Release|Any CPU
	EndGlobalSection
	GlobalSection(ProjectConfigurationPlatforms) = postSolution
		{31A7A89F-90E2-48A4-ABF6-EE5E06B2B3D9}.Debug|Any CPU.ActiveCfg = Debug|Any CPU
		{31A7A89F-90E2-48A4-ABF6-EE5E06B2B3D9}.Debug|Any CPU.Build.0 = Debug|Any CPU
		{31A7A89F-90E2-48A4-ABF6-EE5E06B2B3D9}.Release|Any CPU.ActiveCfg = Release|Any CPU
		{31A7A89F-90E2-48A4-ABF6-EE5E06B2B3D9}.Release|Any CPU.Build.0 = Release|Any CPU
		{16012B87-2CB4-4205-98A9-33C9197DC22B}.Debug|Any CPU.ActiveCfg = Debug|Any CPU
		{16012B87-2CB4-4205-98A9-33C9197DC22B}.Debug|Any CPU.Build.0 = Debug|Any CPU
		{16012B87-2CB4-4205-98A9-33C9197DC22B}.Release|Any CPU.ActiveCfg = Release|Any CPU
		{16012B87-2CB4-4205-98A9-33C9197DC22B}.Release|Any CPU.Build.0 = Release|Any CPU
		{2072432E-1DFE-47F4-B1E7-418C99CF1762}.Debug|Any CPU.ActiveCfg = Debug|Any CPU
		{2072432E-1DFE-47F4-B1E7-418C99CF1762}.Debug|Any CPU.Build.0 = Debug|Any CPU
		{2072432E-1DFE-47F4-B1E7-418C99CF1762}.Release|Any CPU.ActiveCfg = Release|Any CPU
		{2072432E-1DFE-47F4-B1E7-418C99CF1762}.Release|Any CPU.Build.0 = Release|Any CPU
	EndGlobalSection
	GlobalSection(SolutionProperties) = preSolution
		HideSolutionNode = FALSE
	EndGlobalSection
EndGlobal
